
Microsoft Visual Studio Solution File, Format Version 12.00
# Visual Studio Version 17
VisualStudioVersion = 17.8.34511.84
MinimumVisualStudioVersion = 10.0.40219.1
Project("{FAE04EC0-301F-11D3-BF4B-00C04F79EFBC}") = "Nested Switch", "Nested Switch.csproj", "{DF721FA3-DCEE-457B-A013-BE337461926E}"
EndProject
Global
	GlobalSection(SolutionConfigurationPlatforms) = preSolution
		Debug|Any CPU = Debug|Any CPU
		Release|Any CPU = Release|Any CPU
	EndGlobalSection
	GlobalSection(ProjectConfigurationPlatforms) = postSolution
		{DF721FA3-DCEE-457B-A013-BE337461926E}.Debug|Any CPU.ActiveCfg = Debug|Any CPU
		{DF721FA3-DCEE-457B-A013-BE337461926E}.Debug|Any CPU.Build.0 = Debug|Any CPU
		{DF721FA3-DCEE-457B-A013-BE337461926E}.Release|Any CPU.ActiveCfg = Release|Any CPU
		{DF721FA3-DCEE-457B-A013-BE337461926E}.Release|Any CPU.Build.0 = Release|Any CPU
	EndGlobalSection
	GlobalSection(SolutionProperties) = preSolution
		HideSolutionNode = FALSE
	EndGlobalSection
	GlobalSection(ExtensibilityGlobals) = postSolution
		SolutionGuid = {32D3753A-96CF-4A53-B9E0-AF96BD8B11D1}
	EndGlobalSection
EndGlobal
