
Microsoft Visual Studio Solution File, Format Version 12.00
# Visual Studio Version 17
VisualStudioVersion = 17.8.34601.278
MinimumVisualStudioVersion = 10.0.40219.1
Project("{FAE04EC0-301F-11D3-BF4B-00C04F79EFBC}") = "ConsoleApp1", "ConsoleApp1.csproj", "{20D2184C-88F5-4E66-A964-818BE7AD38BF}"
EndProject
Global
	GlobalSection(SolutionConfigurationPlatforms) = preSolution
		Debug|Any CPU = Debug|Any CPU
		Release|Any CPU = Release|Any CPU
	EndGlobalSection
	GlobalSection(ProjectConfigurationPlatforms) = postSolution
		{20D2184C-88F5-4E66-A964-818BE7AD38BF}.Debug|Any CPU.ActiveCfg = Debug|Any CPU
		{20D2184C-88F5-4E66-A964-818BE7AD38BF}.Debug|Any CPU.Build.0 = Debug|Any CPU
		{20D2184C-88F5-4E66-A964-818BE7AD38BF}.Release|Any CPU.ActiveCfg = Release|Any CPU
		{20D2184C-88F5-4E66-A964-818BE7AD38BF}.Release|Any CPU.Build.0 = Release|Any CPU
	EndGlobalSection
	GlobalSection(SolutionProperties) = preSolution
		HideSolutionNode = FALSE
	EndGlobalSection
	GlobalSection(ExtensibilityGlobals) = postSolution
		SolutionGuid = {7B731075-5131-4933-9A21-46D0A4E598BA}
	EndGlobalSection
EndGlobal
