
Microsoft Visual Studio Solution File, Format Version 12.00
# Visual Studio Version 17
VisualStudioVersion = 17.8.34601.278
MinimumVisualStudioVersion = 10.0.40219.1
Project("{FAE04EC0-301F-11D3-BF4B-00C04F79EFBC}") = "ConsoleApp2", "ConsoleApp2.csproj", "{5A586CC8-1BCF-44DE-8165-72C097EDF340}"
EndProject
Global
	GlobalSection(SolutionConfigurationPlatforms) = preSolution
		Debug|Any CPU = Debug|Any CPU
		Release|Any CPU = Release|Any CPU
	EndGlobalSection
	GlobalSection(ProjectConfigurationPlatforms) = postSolution
		{5A586CC8-1BCF-44DE-8165-72C097EDF340}.Debug|Any CPU.ActiveCfg = Debug|Any CPU
		{5A586CC8-1BCF-44DE-8165-72C097EDF340}.Debug|Any CPU.Build.0 = Debug|Any CPU
		{5A586CC8-1BCF-44DE-8165-72C097EDF340}.Release|Any CPU.ActiveCfg = Release|Any CPU
		{5A586CC8-1BCF-44DE-8165-72C097EDF340}.Release|Any CPU.Build.0 = Release|Any CPU
	EndGlobalSection
	GlobalSection(SolutionProperties) = preSolution
		HideSolutionNode = FALSE
	EndGlobalSection
	GlobalSection(ExtensibilityGlobals) = postSolution
		SolutionGuid = {22F61186-631B-4D98-BFEC-D433A24F7FD9}
	EndGlobalSection
EndGlobal
