
Microsoft Visual Studio Solution File, Format Version 12.00
# Visual Studio Version 17
VisualStudioVersion = 17.8.34511.84
MinimumVisualStudioVersion = 10.0.40219.1
Project("{FAE04EC0-301F-11D3-BF4B-00C04F79EFBC}") = "PointerDataTypes", "PointerDataTypes.csproj", "{BA4F699C-8925-4F69-B1C2-1B3709518B5B}"
EndProject
Global
	GlobalSection(SolutionConfigurationPlatforms) = preSolution
		Debug|Any CPU = Debug|Any CPU
		Release|Any CPU = Release|Any CPU
	EndGlobalSection
	GlobalSection(ProjectConfigurationPlatforms) = postSolution
		{BA4F699C-8925-4F69-B1C2-1B3709518B5B}.Debug|Any CPU.ActiveCfg = Debug|Any CPU
		{BA4F699C-8925-4F69-B1C2-1B3709518B5B}.Debug|Any CPU.Build.0 = Debug|Any CPU
		{BA4F699C-8925-4F69-B1C2-1B3709518B5B}.Release|Any CPU.ActiveCfg = Release|Any CPU
		{BA4F699C-8925-4F69-B1C2-1B3709518B5B}.Release|Any CPU.Build.0 = Release|Any CPU
	EndGlobalSection
	GlobalSection(SolutionProperties) = preSolution
		HideSolutionNode = FALSE
	EndGlobalSection
	GlobalSection(ExtensibilityGlobals) = postSolution
		SolutionGuid = {28766FDB-F547-4B74-BB97-186C7FADF9BF}
	EndGlobalSection
EndGlobal
