
Microsoft Visual Studio Solution File, Format Version 12.00
# Visual Studio Version 17
VisualStudioVersion = 17.8.34511.84
MinimumVisualStudioVersion = 10.0.40219.1
Project("{FAE04EC0-301F-11D3-BF4B-00C04F79EFBC}") = "Identifier", "Identifier.csproj", "{7E1EA40C-9FA7-40AD-B4EA-8105EAA6C03A}"
EndProject
Project("{FAE04EC0-301F-11D3-BF4B-00C04F79EFBC}") = "DataTypes", "..\..\DataTypes\DataTypes\DataTypes.csproj", "{038223EA-C8D2-48F0-87FA-8E25C7CFC7E7}"
EndProject
Global
	GlobalSection(SolutionConfigurationPlatforms) = preSolution
		Debug|Any CPU = Debug|Any CPU
		Release|Any CPU = Release|Any CPU
	EndGlobalSection
	GlobalSection(ProjectConfigurationPlatforms) = postSolution
		{7E1EA40C-9FA7-40AD-B4EA-8105EAA6C03A}.Debug|Any CPU.ActiveCfg = Debug|Any CPU
		{7E1EA40C-9FA7-40AD-B4EA-8105EAA6C03A}.Debug|Any CPU.Build.0 = Debug|Any CPU
		{7E1EA40C-9FA7-40AD-B4EA-8105EAA6C03A}.Release|Any CPU.ActiveCfg = Release|Any CPU
		{7E1EA40C-9FA7-40AD-B4EA-8105EAA6C03A}.Release|Any CPU.Build.0 = Release|Any CPU
		{038223EA-C8D2-48F0-87FA-8E25C7CFC7E7}.Debug|Any CPU.ActiveCfg = Debug|Any CPU
		{038223EA-C8D2-48F0-87FA-8E25C7CFC7E7}.Debug|Any CPU.Build.0 = Debug|Any CPU
		{038223EA-C8D2-48F0-87FA-8E25C7CFC7E7}.Release|Any CPU.ActiveCfg = Release|Any CPU
		{038223EA-C8D2-48F0-87FA-8E25C7CFC7E7}.Release|Any CPU.Build.0 = Release|Any CPU
	EndGlobalSection
	GlobalSection(SolutionProperties) = preSolution
		HideSolutionNode = FALSE
	EndGlobalSection
	GlobalSection(ExtensibilityGlobals) = postSolution
		SolutionGuid = {5FCFAE0A-B131-4974-A0AF-74F811166D7E}
	EndGlobalSection
EndGlobal
