
Microsoft Visual Studio Solution File, Format Version 12.00
# Visual Studio Version 17
VisualStudioVersion = 17.8.34601.278
MinimumVisualStudioVersion = 10.0.40219.1
Project("{FAE04EC0-301F-11D3-BF4B-00C04F79EFBC}") = "ConsoleApp2", "ConsoleApp2.csproj", "{FE5D09C7-44A2-4E65-B6B7-9439BCF4C723}"
EndProject
Global
	GlobalSection(SolutionConfigurationPlatforms) = preSolution
		Debug|Any CPU = Debug|Any CPU
		Release|Any CPU = Release|Any CPU
	EndGlobalSection
	GlobalSection(ProjectConfigurationPlatforms) = postSolution
		{FE5D09C7-44A2-4E65-B6B7-9439BCF4C723}.Debug|Any CPU.ActiveCfg = Debug|Any CPU
		{FE5D09C7-44A2-4E65-B6B7-9439BCF4C723}.Debug|Any CPU.Build.0 = Debug|Any CPU
		{FE5D09C7-44A2-4E65-B6B7-9439BCF4C723}.Release|Any CPU.ActiveCfg = Release|Any CPU
		{FE5D09C7-44A2-4E65-B6B7-9439BCF4C723}.Release|Any CPU.Build.0 = Release|Any CPU
	EndGlobalSection
	GlobalSection(SolutionProperties) = preSolution
		HideSolutionNode = FALSE
	EndGlobalSection
	GlobalSection(ExtensibilityGlobals) = postSolution
		SolutionGuid = {F59B5FF2-F1C1-4407-A6B8-53C3A524561D}
	EndGlobalSection
EndGlobal
